
Microsoft Visual Studio Solution File, Format Version 12.00
# Visual Studio Version 17
VisualStudioVersion = 17.11.35312.102
MinimumVisualStudioVersion = 10.0.40219.1
Project("{FAE04EC0-301F-11D3-BF4B-00C04F79EFBC}") = "EmptyMaui1", "EmptyMaui1\EmptyMaui1.csproj", "{FD4403DA-3543-4DAA-A194-2CBF69C0233E}"
EndProject
Global
	GlobalSection(SolutionConfigurationPlatforms) = preSolution
		Debug|Any CPU = Debug|Any CPU
		Release|Any CPU = Release|Any CPU
	EndGlobalSection
	GlobalSection(ProjectConfigurationPlatforms) = postSolution
		{FD4403DA-3543-4DAA-A194-2CBF69C0233E}.Debug|Any CPU.ActiveCfg = Debug|Any CPU
		{FD4403DA-3543-4DAA-A194-2CBF69C0233E}.Debug|Any CPU.Build.0 = Debug|Any CPU
		{FD4403DA-3543-4DAA-A194-2CBF69C0233E}.Release|Any CPU.ActiveCfg = Release|Any CPU
		{FD4403DA-3543-4DAA-A194-2CBF69C0233E}.Release|Any CPU.Build.0 = Release|Any CPU
	EndGlobalSection
	GlobalSection(SolutionProperties) = preSolution
		HideSolutionNode = FALSE
	EndGlobalSection
	GlobalSection(ExtensibilityGlobals) = postSolution
		SolutionGuid = {EECA5DE7-BB64-4E41-9444-0128456E2DD7}
	EndGlobalSection
EndGlobal
